
Microsoft Visual Studio Solution File, Format Version 12.00
# Visual Studio Version 16
VisualStudioVersion = 16.0.32929.386
MinimumVisualStudioVersion = 10.0.40219.1
Project("{9A19103F-16F7-4668-BE54-9A1E7A4F7556}") = "ProgpartTwo", "ProgpartTwo.csproj", "{2624FE24-2F52-4E54-A666-ABEB58B3FDBC}"
EndProject
Project("{FAE04EC0-301F-11D3-BF4B-00C04F79EFBC}") = "library", "..\library\library.csproj", "{91D74349-2A32-4EE7-8770-03C7C488C7AE}"
EndProject
Global
	GlobalSection(SolutionConfigurationPlatforms) = preSolution
		Debug|Any CPU = Debug|Any CPU
		Release|Any CPU = Release|Any CPU
	EndGlobalSection
	GlobalSection(ProjectConfigurationPlatforms) = postSolution
		{2624FE24-2F52-4E54-A666-ABEB58B3FDBC}.Debug|Any CPU.ActiveCfg = Debug|Any CPU
		{2624FE24-2F52-4E54-A666-ABEB58B3FDBC}.Debug|Any CPU.Build.0 = Debug|Any CPU
		{2624FE24-2F52-4E54-A666-ABEB58B3FDBC}.Release|Any CPU.ActiveCfg = Release|Any CPU
		{2624FE24-2F52-4E54-A666-ABEB58B3FDBC}.Release|Any CPU.Build.0 = Release|Any CPU
		{91D74349-2A32-4EE7-8770-03C7C488C7AE}.Debug|Any CPU.ActiveCfg = Debug|Any CPU
		{91D74349-2A32-4EE7-8770-03C7C488C7AE}.Debug|Any CPU.Build.0 = Debug|Any CPU
		{91D74349-2A32-4EE7-8770-03C7C488C7AE}.Release|Any CPU.ActiveCfg = Release|Any CPU
		{91D74349-2A32-4EE7-8770-03C7C488C7AE}.Release|Any CPU.Build.0 = Release|Any CPU
	EndGlobalSection
	GlobalSection(SolutionProperties) = preSolution
		HideSolutionNode = FALSE
	EndGlobalSection
	GlobalSection(ExtensibilityGlobals) = postSolution
		SolutionGuid = {A3ED1716-AA27-487C-A01D-32AF0A9C8C17}
	EndGlobalSection
EndGlobal
